
Microsoft Visual Studio Solution File, Format Version 12.00
# Visual Studio Version 16
VisualStudioVersion = 16.0.31205.134
MinimumVisualStudioVersion = 10.0.40219.1
Project("{9A19103F-16F7-4668-BE54-9A1E7A4F7556}") = "PagHiper.Application", "src\PagHiper.Application\PagHiper.Application.csproj", "{0DDF87B5-0795-448F-B385-96973BEAF04F}"
EndProject
Project("{9A19103F-16F7-4668-BE54-9A1E7A4F7556}") = "PagHiper.Domain", "src\PagHiper.Domain\PagHiper.Domain.csproj", "{E5651DDA-128E-426C-80A3-C2D84773CE52}"
EndProject
Project("{9A19103F-16F7-4668-BE54-9A1E7A4F7556}") = "PagHiper.Dto", "src\PagHiper.Dto\PagHiper.Dto.csproj", "{4BA380CB-3FFC-4AE8-8590-4973E41E62D2}"
EndProject
Project("{9A19103F-16F7-4668-BE54-9A1E7A4F7556}") = "PagHiper.Infra", "src\PagHiper.Infra\PagHiper.Infra.csproj", "{68B45B4D-3DFE-411B-9D34-2960F8859684}"
EndProject
Project("{9A19103F-16F7-4668-BE54-9A1E7A4F7556}") = "PagHiper.Infra.MySql", "src\PagHiper.Infra.MySql\PagHiper.Infra.MySql.csproj", "{74FE9D10-4ABD-4DF0-A5F4-9EB97AF79EC3}"
EndProject
Project("{9A19103F-16F7-4668-BE54-9A1E7A4F7556}") = "PagHiper.Web", "src\PagHiper.Web\PagHiper.Web.csproj", "{A615064D-AE0A-4AFA-B289-7A5E9D7A1687}"
EndProject
Project("{9A19103F-16F7-4668-BE54-9A1E7A4F7556}") = "PagHiper.Helpers", "src\PagHiper.Helpers\PagHiper.Helpers.csproj", "{F8A06F0B-4E82-458D-B61B-86B40E211EE9}"
EndProject
Global
	GlobalSection(SolutionConfigurationPlatforms) = preSolution
		Debug|Any CPU = Debug|Any CPU
		Release|Any CPU = Release|Any CPU
	EndGlobalSection
	GlobalSection(ProjectConfigurationPlatforms) = postSolution
		{0DDF87B5-0795-448F-B385-96973BEAF04F}.Debug|Any CPU.ActiveCfg = Debug|Any CPU
		{0DDF87B5-0795-448F-B385-96973BEAF04F}.Debug|Any CPU.Build.0 = Debug|Any CPU
		{0DDF87B5-0795-448F-B385-96973BEAF04F}.Release|Any CPU.ActiveCfg = Release|Any CPU
		{0DDF87B5-0795-448F-B385-96973BEAF04F}.Release|Any CPU.Build.0 = Release|Any CPU
		{E5651DDA-128E-426C-80A3-C2D84773CE52}.Debug|Any CPU.ActiveCfg = Debug|Any CPU
		{E5651DDA-128E-426C-80A3-C2D84773CE52}.Debug|Any CPU.Build.0 = Debug|Any CPU
		{E5651DDA-128E-426C-80A3-C2D84773CE52}.Release|Any CPU.ActiveCfg = Release|Any CPU
		{E5651DDA-128E-426C-80A3-C2D84773CE52}.Release|Any CPU.Build.0 = Release|Any CPU
		{4BA380CB-3FFC-4AE8-8590-4973E41E62D2}.Debug|Any CPU.ActiveCfg = Debug|Any CPU
		{4BA380CB-3FFC-4AE8-8590-4973E41E62D2}.Debug|Any CPU.Build.0 = Debug|Any CPU
		{4BA380CB-3FFC-4AE8-8590-4973E41E62D2}.Release|Any CPU.ActiveCfg = Release|Any CPU
		{4BA380CB-3FFC-4AE8-8590-4973E41E62D2}.Release|Any CPU.Build.0 = Release|Any CPU
		{68B45B4D-3DFE-411B-9D34-2960F8859684}.Debug|Any CPU.ActiveCfg = Debug|Any CPU
		{68B45B4D-3DFE-411B-9D34-2960F8859684}.Debug|Any CPU.Build.0 = Debug|Any CPU
		{68B45B4D-3DFE-411B-9D34-2960F8859684}.Release|Any CPU.ActiveCfg = Release|Any CPU
		{68B45B4D-3DFE-411B-9D34-2960F8859684}.Release|Any CPU.Build.0 = Release|Any CPU
		{74FE9D10-4ABD-4DF0-A5F4-9EB97AF79EC3}.Debug|Any CPU.ActiveCfg = Debug|Any CPU
		{74FE9D10-4ABD-4DF0-A5F4-9EB97AF79EC3}.Debug|Any CPU.Build.0 = Debug|Any CPU
		{74FE9D10-4ABD-4DF0-A5F4-9EB97AF79EC3}.Release|Any CPU.ActiveCfg = Release|Any CPU
		{74FE9D10-4ABD-4DF0-A5F4-9EB97AF79EC3}.Release|Any CPU.Build.0 = Release|Any CPU
		{A615064D-AE0A-4AFA-B289-7A5E9D7A1687}.Debug|Any CPU.ActiveCfg = Debug|Any CPU
		{A615064D-AE0A-4AFA-B289-7A5E9D7A1687}.Debug|Any CPU.Build.0 = Debug|Any CPU
		{A615064D-AE0A-4AFA-B289-7A5E9D7A1687}.Release|Any CPU.ActiveCfg = Release|Any CPU
		{A615064D-AE0A-4AFA-B289-7A5E9D7A1687}.Release|Any CPU.Build.0 = Release|Any CPU
		{F8A06F0B-4E82-458D-B61B-86B40E211EE9}.Debug|Any CPU.ActiveCfg = Debug|Any CPU
		{F8A06F0B-4E82-458D-B61B-86B40E211EE9}.Debug|Any CPU.Build.0 = Debug|Any CPU
		{F8A06F0B-4E82-458D-B61B-86B40E211EE9}.Release|Any CPU.ActiveCfg = Release|Any CPU
		{F8A06F0B-4E82-458D-B61B-86B40E211EE9}.Release|Any CPU.Build.0 = Release|Any CPU
	EndGlobalSection
	GlobalSection(SolutionProperties) = preSolution
		HideSolutionNode = FALSE
	EndGlobalSection
	GlobalSection(ExtensibilityGlobals) = postSolution
		SolutionGuid = {63E01BCC-753E-4EE9-B45A-148F6D79ECDB}
	EndGlobalSection
EndGlobal
